github.com/npaim/dog v0.0.0-20240922170505-34217168b695 h1:OzR5P+iTyxzip7Z0sClnkndFefUkZyL9BUfED5mOLhE=
github.com/npaim/dog v0.0.0-20240922170505-34217168b695/go.mod h1:J5CLSnZLJLy17cv7N7e9KCW2WdkEEWJ4aT8slaZobeI=
github.com/npaim/puppy v0.0.0-20240922164214-09545e40c94c h1:F4tLLLE8Z2ptlK/9IHZqBTSZ1LjbWk7mpSRQtnWYE24=
github.com/npaim/puppy v0.0.0-20240922164214-09545e40c94c/go.mod h1:2fKCHeDU+fzQknQcLn52w0nG5pUGbUUSs7q1b9gMEKo=
github.com/npaim/puppy v0.0.0-20240922171026-2eabf8a8b614 h1:r+ogB1IS0UuieFgs6zldmZ1uNBmj7x+qaHmyrvd7lT4=
github.com/npaim/puppy v0.0.0-20240922171026-2eabf8a8b614/go.mod h1:Fln2/MEypHfQABMTW9WbrmZ5wDCC1Xg74qtMJhj9Zos=
